
Microsoft Visual Studio Solution File, Format Version 12.00
# Visual Studio 14
VisualStudioVersion = 14.0.25420.1
MinimumVisualStudioVersion = 10.0.40219.1
Project("{FAE04EC0-301F-11D3-BF4B-00C04F79EFBC}") = "ShaderVBOExample", "Examples\ShaderVBOExample\ShaderVBOExample.csproj", "{C9043719-1776-48D3-9515-5370F1508C48}"
EndProject
Project("{FAE04EC0-301F-11D3-BF4B-00C04F79EFBC}") = "MinimalShaderExample", "Examples\MinimalShaderExample\MinimalShaderExample.csproj", "{D2E19210-80D1-4F07-8E9D-5205F18B0B26}"
EndProject
Project("{FAE04EC0-301F-11D3-BF4B-00C04F79EFBC}") = "CameraExample", "Examples\CameraExample\CameraExample.csproj", "{D1EBA24E-C135-4AF4-9802-D6EEBEEC2656}"
EndProject
Project("{2150E333-8FDC-42A3-9474-1A3956D46DE8}") = "Solution Items", "Solution Items", "{68396AE1-775C-4CE8-BCE1-501A89DADF64}"
	ProjectSection(SolutionItems) = preProject
		readme.md = readme.md
	EndProjectSection
EndProject
Project("{FAE04EC0-301F-11D3-BF4B-00C04F79EFBC}") = "MeshExample", "Examples\MeshExample\MeshExample.csproj", "{A4ED5B7A-C3CA-4E53-A5C3-61A5D81F5188}"
EndProject
Project("{FAE04EC0-301F-11D3-BF4B-00C04F79EFBC}") = "InstancingExample", "Examples\InstancingExample\InstancingExample.csproj", "{4F8B145D-AD8A-43CB-B706-569F0B80C1E9}"
EndProject
Project("{2150E333-8FDC-42A3-9474-1A3956D46DE8}") = "Examples", "Examples", "{E6454C74-3D02-49DC-BF69-CCBD7CE40E25}"
EndProject
Project("{FAE04EC0-301F-11D3-BF4B-00C04F79EFBC}") = "PhysicsExample", "Examples\PhysicsExample\PhysicsExample.csproj", "{ADFE07A0-D2B7-42A7-8DDC-C0F1D441ACC1}"
EndProject
Project("{FAE04EC0-301F-11D3-BF4B-00C04F79EFBC}") = "TransformationExample", "Examples\TransformationExample\TransformationExample.csproj", "{5CE8B95A-A23E-49D0-BF5D-879472F6E7FC}"
EndProject
Project("{FAE04EC0-301F-11D3-BF4B-00C04F79EFBC}") = "LightingExample", "Examples\LightingExample\LightingExample.csproj", "{F3FE3B20-36C7-4221-A2ED-EEDA4887E1E4}"
EndProject
Project("{FAE04EC0-301F-11D3-BF4B-00C04F79EFBC}") = "ShaderDebugging", "..\ShaderDebugging\ShaderDebugging.csproj", "{3C8BCF2C-1019-4A8D-B986-AFD6BB80E917}"
EndProject
Project("{FAE04EC0-301F-11D3-BF4B-00C04F79EFBC}") = "LightingNPRExample", "Examples\LightingNPRExample\LightingNPRExample.csproj", "{71732F14-6930-4F72-9922-DB76298C1979}"
EndProject
Project("{FAE04EC0-301F-11D3-BF4B-00C04F79EFBC}") = "ParticleSystemExample", "Examples\ParticleSystemExample\ParticleSystemExample.csproj", "{0D198482-14CC-4FBA-BDF5-8B1633D4E5A4}"
EndProject
Project("{FAE04EC0-301F-11D3-BF4B-00C04F79EFBC}") = "Framework", "..\Framework\Framework.csproj", "{C660F6AF-C100-4169-A9FB-61E1EBE87F34}"
EndProject
Project("{FAE04EC0-301F-11D3-BF4B-00C04F79EFBC}") = "SSBOExample", "Examples\SSBOExample\SSBOExample.csproj", "{B477FA61-3ABE-43EC-B785-2306975C65B1}"
EndProject
Project("{FAE04EC0-301F-11D3-BF4B-00C04F79EFBC}") = "Geometry", "..\Geometry\Geometry.csproj", "{B37B7DDE-435B-4F27-9A9B-9B6DF8744EBE}"
EndProject
Project("{FAE04EC0-301F-11D3-BF4B-00C04F79EFBC}") = "OcclusionQueryExample", "Examples\OcclusionQueryExample\OcclusionQueryExample.csproj", "{FC0DCE57-DE47-494B-9CA8-FE2756C300D9}"
EndProject
Project("{FAE04EC0-301F-11D3-BF4B-00C04F79EFBC}") = "Geometry.Tests", "..\Geometry.Tests\Geometry.Tests.csproj", "{DF096E15-AA81-4FFD-B360-2B12E812BF26}"
EndProject
Project("{FAE04EC0-301F-11D3-BF4B-00C04F79EFBC}") = "Framework.Tests", "..\Framework.Tests\Framework.Tests.csproj", "{87F3A725-6AF4-41F7-AA58-CACD9E23D6D9}"
EndProject
Global
	GlobalSection(SolutionConfigurationPlatforms) = preSolution
		Debug|Any CPU = Debug|Any CPU
		Release|Any CPU = Release|Any CPU
	EndGlobalSection
	GlobalSection(ProjectConfigurationPlatforms) = postSolution
		{C9043719-1776-48D3-9515-5370F1508C48}.Debug|Any CPU.ActiveCfg = Debug|Any CPU
		{C9043719-1776-48D3-9515-5370F1508C48}.Debug|Any CPU.Build.0 = Debug|Any CPU
		{C9043719-1776-48D3-9515-5370F1508C48}.Release|Any CPU.ActiveCfg = Release|Any CPU
		{C9043719-1776-48D3-9515-5370F1508C48}.Release|Any CPU.Build.0 = Release|Any CPU
		{D2E19210-80D1-4F07-8E9D-5205F18B0B26}.Debug|Any CPU.ActiveCfg = Debug|Any CPU
		{D2E19210-80D1-4F07-8E9D-5205F18B0B26}.Debug|Any CPU.Build.0 = Debug|Any CPU
		{D2E19210-80D1-4F07-8E9D-5205F18B0B26}.Release|Any CPU.ActiveCfg = Release|Any CPU
		{D2E19210-80D1-4F07-8E9D-5205F18B0B26}.Release|Any CPU.Build.0 = Release|Any CPU
		{D1EBA24E-C135-4AF4-9802-D6EEBEEC2656}.Debug|Any CPU.ActiveCfg = Debug|Any CPU
		{D1EBA24E-C135-4AF4-9802-D6EEBEEC2656}.Debug|Any CPU.Build.0 = Debug|Any CPU
		{D1EBA24E-C135-4AF4-9802-D6EEBEEC2656}.Release|Any CPU.ActiveCfg = Release|Any CPU
		{D1EBA24E-C135-4AF4-9802-D6EEBEEC2656}.Release|Any CPU.Build.0 = Release|Any CPU
		{A4ED5B7A-C3CA-4E53-A5C3-61A5D81F5188}.Debug|Any CPU.ActiveCfg = Debug|Any CPU
		{A4ED5B7A-C3CA-4E53-A5C3-61A5D81F5188}.Debug|Any CPU.Build.0 = Debug|Any CPU
		{A4ED5B7A-C3CA-4E53-A5C3-61A5D81F5188}.Release|Any CPU.ActiveCfg = Release|Any CPU
		{A4ED5B7A-C3CA-4E53-A5C3-61A5D81F5188}.Release|Any CPU.Build.0 = Release|Any CPU
		{4F8B145D-AD8A-43CB-B706-569F0B80C1E9}.Debug|Any CPU.ActiveCfg = Debug|Any CPU
		{4F8B145D-AD8A-43CB-B706-569F0B80C1E9}.Debug|Any CPU.Build.0 = Debug|Any CPU
		{4F8B145D-AD8A-43CB-B706-569F0B80C1E9}.Release|Any CPU.ActiveCfg = Release|Any CPU
		{4F8B145D-AD8A-43CB-B706-569F0B80C1E9}.Release|Any CPU.Build.0 = Release|Any CPU
		{ADFE07A0-D2B7-42A7-8DDC-C0F1D441ACC1}.Debug|Any CPU.ActiveCfg = Debug|Any CPU
		{ADFE07A0-D2B7-42A7-8DDC-C0F1D441ACC1}.Debug|Any CPU.Build.0 = Debug|Any CPU
		{ADFE07A0-D2B7-42A7-8DDC-C0F1D441ACC1}.Release|Any CPU.ActiveCfg = Release|Any CPU
		{ADFE07A0-D2B7-42A7-8DDC-C0F1D441ACC1}.Release|Any CPU.Build.0 = Release|Any CPU
		{5CE8B95A-A23E-49D0-BF5D-879472F6E7FC}.Debug|Any CPU.ActiveCfg = Debug|Any CPU
		{5CE8B95A-A23E-49D0-BF5D-879472F6E7FC}.Debug|Any CPU.Build.0 = Debug|Any CPU
		{5CE8B95A-A23E-49D0-BF5D-879472F6E7FC}.Release|Any CPU.ActiveCfg = Release|Any CPU
		{5CE8B95A-A23E-49D0-BF5D-879472F6E7FC}.Release|Any CPU.Build.0 = Release|Any CPU
		{F3FE3B20-36C7-4221-A2ED-EEDA4887E1E4}.Debug|Any CPU.ActiveCfg = Debug|Any CPU
		{F3FE3B20-36C7-4221-A2ED-EEDA4887E1E4}.Debug|Any CPU.Build.0 = Debug|Any CPU
		{F3FE3B20-36C7-4221-A2ED-EEDA4887E1E4}.Release|Any CPU.ActiveCfg = Release|Any CPU
		{F3FE3B20-36C7-4221-A2ED-EEDA4887E1E4}.Release|Any CPU.Build.0 = Release|Any CPU
		{3C8BCF2C-1019-4A8D-B986-AFD6BB80E917}.Debug|Any CPU.ActiveCfg = Debug|Any CPU
		{3C8BCF2C-1019-4A8D-B986-AFD6BB80E917}.Debug|Any CPU.Build.0 = Debug|Any CPU
		{3C8BCF2C-1019-4A8D-B986-AFD6BB80E917}.Release|Any CPU.ActiveCfg = Release|Any CPU
		{3C8BCF2C-1019-4A8D-B986-AFD6BB80E917}.Release|Any CPU.Build.0 = Release|Any CPU
		{71732F14-6930-4F72-9922-DB76298C1979}.Debug|Any CPU.ActiveCfg = Debug|Any CPU
		{71732F14-6930-4F72-9922-DB76298C1979}.Debug|Any CPU.Build.0 = Debug|Any CPU
		{71732F14-6930-4F72-9922-DB76298C1979}.Release|Any CPU.ActiveCfg = Release|Any CPU
		{71732F14-6930-4F72-9922-DB76298C1979}.Release|Any CPU.Build.0 = Release|Any CPU
		{0D198482-14CC-4FBA-BDF5-8B1633D4E5A4}.Debug|Any CPU.ActiveCfg = Debug|Any CPU
		{0D198482-14CC-4FBA-BDF5-8B1633D4E5A4}.Debug|Any CPU.Build.0 = Debug|Any CPU
		{0D198482-14CC-4FBA-BDF5-8B1633D4E5A4}.Release|Any CPU.ActiveCfg = Release|Any CPU
		{0D198482-14CC-4FBA-BDF5-8B1633D4E5A4}.Release|Any CPU.Build.0 = Release|Any CPU
		{C660F6AF-C100-4169-A9FB-61E1EBE87F34}.Debug|Any CPU.ActiveCfg = Debug|Any CPU
		{C660F6AF-C100-4169-A9FB-61E1EBE87F34}.Debug|Any CPU.Build.0 = Debug|Any CPU
		{C660F6AF-C100-4169-A9FB-61E1EBE87F34}.Release|Any CPU.ActiveCfg = Release|Any CPU
		{C660F6AF-C100-4169-A9FB-61E1EBE87F34}.Release|Any CPU.Build.0 = Release|Any CPU
		{B477FA61-3ABE-43EC-B785-2306975C65B1}.Debug|Any CPU.ActiveCfg = Debug|Any CPU
		{B477FA61-3ABE-43EC-B785-2306975C65B1}.Debug|Any CPU.Build.0 = Debug|Any CPU
		{B477FA61-3ABE-43EC-B785-2306975C65B1}.Release|Any CPU.ActiveCfg = Release|Any CPU
		{B477FA61-3ABE-43EC-B785-2306975C65B1}.Release|Any CPU.Build.0 = Release|Any CPU
		{B37B7DDE-435B-4F27-9A9B-9B6DF8744EBE}.Debug|Any CPU.ActiveCfg = Debug|Any CPU
		{B37B7DDE-435B-4F27-9A9B-9B6DF8744EBE}.Debug|Any CPU.Build.0 = Debug|Any CPU
		{B37B7DDE-435B-4F27-9A9B-9B6DF8744EBE}.Release|Any CPU.ActiveCfg = Release|Any CPU
		{B37B7DDE-435B-4F27-9A9B-9B6DF8744EBE}.Release|Any CPU.Build.0 = Release|Any CPU
		{FC0DCE57-DE47-494B-9CA8-FE2756C300D9}.Debug|Any CPU.ActiveCfg = Debug|Any CPU
		{FC0DCE57-DE47-494B-9CA8-FE2756C300D9}.Debug|Any CPU.Build.0 = Debug|Any CPU
		{FC0DCE57-DE47-494B-9CA8-FE2756C300D9}.Release|Any CPU.ActiveCfg = Release|Any CPU
		{FC0DCE57-DE47-494B-9CA8-FE2756C300D9}.Release|Any CPU.Build.0 = Release|Any CPU
		{DF096E15-AA81-4FFD-B360-2B12E812BF26}.Debug|Any CPU.ActiveCfg = Debug|Any CPU
		{DF096E15-AA81-4FFD-B360-2B12E812BF26}.Debug|Any CPU.Build.0 = Debug|Any CPU
		{DF096E15-AA81-4FFD-B360-2B12E812BF26}.Release|Any CPU.ActiveCfg = Release|Any CPU
		{DF096E15-AA81-4FFD-B360-2B12E812BF26}.Release|Any CPU.Build.0 = Release|Any CPU
		{87F3A725-6AF4-41F7-AA58-CACD9E23D6D9}.Debug|Any CPU.ActiveCfg = Debug|Any CPU
		{87F3A725-6AF4-41F7-AA58-CACD9E23D6D9}.Debug|Any CPU.Build.0 = Debug|Any CPU
		{87F3A725-6AF4-41F7-AA58-CACD9E23D6D9}.Release|Any CPU.ActiveCfg = Release|Any CPU
		{87F3A725-6AF4-41F7-AA58-CACD9E23D6D9}.Release|Any CPU.Build.0 = Release|Any CPU
	EndGlobalSection
	GlobalSection(SolutionProperties) = preSolution
		HideSolutionNode = FALSE
	EndGlobalSection
	GlobalSection(NestedProjects) = preSolution
		{C9043719-1776-48D3-9515-5370F1508C48} = {E6454C74-3D02-49DC-BF69-CCBD7CE40E25}
		{D2E19210-80D1-4F07-8E9D-5205F18B0B26} = {E6454C74-3D02-49DC-BF69-CCBD7CE40E25}
		{D1EBA24E-C135-4AF4-9802-D6EEBEEC2656} = {E6454C74-3D02-49DC-BF69-CCBD7CE40E25}
		{A4ED5B7A-C3CA-4E53-A5C3-61A5D81F5188} = {E6454C74-3D02-49DC-BF69-CCBD7CE40E25}
		{4F8B145D-AD8A-43CB-B706-569F0B80C1E9} = {E6454C74-3D02-49DC-BF69-CCBD7CE40E25}
		{ADFE07A0-D2B7-42A7-8DDC-C0F1D441ACC1} = {E6454C74-3D02-49DC-BF69-CCBD7CE40E25}
		{5CE8B95A-A23E-49D0-BF5D-879472F6E7FC} = {E6454C74-3D02-49DC-BF69-CCBD7CE40E25}
		{F3FE3B20-36C7-4221-A2ED-EEDA4887E1E4} = {E6454C74-3D02-49DC-BF69-CCBD7CE40E25}
		{71732F14-6930-4F72-9922-DB76298C1979} = {E6454C74-3D02-49DC-BF69-CCBD7CE40E25}
		{0D198482-14CC-4FBA-BDF5-8B1633D4E5A4} = {E6454C74-3D02-49DC-BF69-CCBD7CE40E25}
		{B477FA61-3ABE-43EC-B785-2306975C65B1} = {E6454C74-3D02-49DC-BF69-CCBD7CE40E25}
		{FC0DCE57-DE47-494B-9CA8-FE2756C300D9} = {E6454C74-3D02-49DC-BF69-CCBD7CE40E25}
	EndGlobalSection
EndGlobal
