
Microsoft Visual Studio Solution File, Format Version 12.00
# Visual Studio 14
VisualStudioVersion = 14.0.25123.0
MinimumVisualStudioVersion = 10.0.40219.1
Project("{FAE04EC0-301F-11D3-BF4B-00C04F79EFBC}") = "MiniGalaxyBirds", "games\MiniGalaxyBirds\MiniGalaxyBirds.csproj", "{C5D22AE1-27EB-40C0-B483-D583EF036CD6}"
EndProject
Project("{FAE04EC0-301F-11D3-BF4B-00C04F79EFBC}") = "Pong", "games\Pong\Pong.csproj", "{4C2306E3-01BB-4A6F-9630-73E36A2BA57A}"
EndProject
Project("{FAE04EC0-301F-11D3-BF4B-00C04F79EFBC}") = "MvcSpaceInvaders", "games\MvcSpaceInvaders\MvcSpaceInvaders.csproj", "{C5389961-2C98-4528-AFF3-99D287C62D4A}"
EndProject
Project("{FAE04EC0-301F-11D3-BF4B-00C04F79EFBC}") = "MvcSokoban", "games\MvcSokoban\MvcSokoban.csproj", "{CEF63B7C-D944-4EAA-8FCA-45C8160F3711}"
EndProject
Project("{FAE04EC0-301F-11D3-BF4B-00C04F79EFBC}") = "SpaceInvaders", "games\SpaceInvaders\SpaceInvaders.csproj", "{F532D63E-3438-452D-8180-4F493980754E}"
EndProject
Project("{FAE04EC0-301F-11D3-BF4B-00C04F79EFBC}") = "Reversi", "games\Reversi\Reversi.csproj", "{2CE388DE-0183-4C2C-A6A9-586302FCF929}"
EndProject
Project("{FAE04EC0-301F-11D3-BF4B-00C04F79EFBC}") = "Battleship", "games\Battleship\Battleship.csproj", "{D1CF06D8-2581-4F53-B232-53152E49E80F}"
EndProject
Project("{2150E333-8FDC-42A3-9474-1A3956D46DE8}") = "games", "games", "{F376917D-6B01-4354-8C1A-5C1915DF3218}"
EndProject
Project("{2150E333-8FDC-42A3-9474-1A3956D46DE8}") = "Solution Items", "Solution Items", "{9E426A9D-36C9-4FEE-AC6B-AC3F811960C4}"
	ProjectSection(SolutionItems) = preProject
		readme.md = readme.md
	EndProjectSection
EndProject
Project("{FAE04EC0-301F-11D3-BF4B-00C04F79EFBC}") = "TextureExample", "Examples\TextureExample\TextureExample.csproj", "{A4ED5B7A-C3CA-4E53-A5C3-61A5D81F5188}"
EndProject
Project("{2150E333-8FDC-42A3-9474-1A3956D46DE8}") = "Examples", "Examples", "{7784E3B6-CA36-4515-BC9D-7BEC5556D51E}"
EndProject
Project("{FAE04EC0-301F-11D3-BF4B-00C04F79EFBC}") = "TextureCoordExample", "Examples\TextureCoordExample\TextureCoordExample.csproj", "{EFF9EC28-4D8D-424B-A244-56BB351D9EF0}"
EndProject
Project("{FAE04EC0-301F-11D3-BF4B-00C04F79EFBC}") = "TextureAnimExample", "Examples\TextureAnimExample\TextureAnimExample.csproj", "{2415A5B0-6C43-4519-B2CA-A8B4A35394C2}"
EndProject
Project("{FAE04EC0-301F-11D3-BF4B-00C04F79EFBC}") = "TextureFontExample", "Examples\TextureFontExample\TextureFontExample.csproj", "{A01502AC-3DF4-40A9-971C-53F694378CB8}"
EndProject
Project("{FAE04EC0-301F-11D3-BF4B-00C04F79EFBC}") = "MinimalExample", "Examples\MinimalExample\MinimalExample.csproj", "{D2E19210-80D1-4F07-8E9D-5205F18B0B26}"
EndProject
Project("{FAE04EC0-301F-11D3-BF4B-00C04F79EFBC}") = "TextureWrapExample", "Examples\TextureWrapExample\TextureWrapExample.csproj", "{EA0EE733-BCA5-4AA1-BD9B-186D9D18228F}"
EndProject
Project("{FAE04EC0-301F-11D3-BF4B-00C04F79EFBC}") = "InterpolationExample", "Examples\InterpolationExample\InterpolationExample.csproj", "{47D435BB-0619-4CDE-93A2-7ACE1FDF47FC}"
EndProject
Project("{FAE04EC0-301F-11D3-BF4B-00C04F79EFBC}") = "TransformationExample", "Examples\TransformationExample\TransformationExample.csproj", "{97D9BF95-9CB1-47FC-8F8E-E6FA05351133}"
EndProject
Project("{FAE04EC0-301F-11D3-BF4B-00C04F79EFBC}") = "BlendingExample", "Examples\BlendingExample\BlendingExample.csproj", "{87EF004B-71CC-4747-8943-D1C7AB667550}"
EndProject
Project("{FAE04EC0-301F-11D3-BF4B-00C04F79EFBC}") = "Framework", "..\Framework\Framework.csproj", "{C660F6AF-C100-4169-A9FB-61E1EBE87F34}"
EndProject
Global
	GlobalSection(SolutionConfigurationPlatforms) = preSolution
		Debug|Any CPU = Debug|Any CPU
		Release|Any CPU = Release|Any CPU
	EndGlobalSection
	GlobalSection(ProjectConfigurationPlatforms) = postSolution
		{C5D22AE1-27EB-40C0-B483-D583EF036CD6}.Debug|Any CPU.ActiveCfg = Debug|Any CPU
		{C5D22AE1-27EB-40C0-B483-D583EF036CD6}.Debug|Any CPU.Build.0 = Debug|Any CPU
		{C5D22AE1-27EB-40C0-B483-D583EF036CD6}.Release|Any CPU.ActiveCfg = Release|Any CPU
		{C5D22AE1-27EB-40C0-B483-D583EF036CD6}.Release|Any CPU.Build.0 = Release|Any CPU
		{4C2306E3-01BB-4A6F-9630-73E36A2BA57A}.Debug|Any CPU.ActiveCfg = Debug|Any CPU
		{4C2306E3-01BB-4A6F-9630-73E36A2BA57A}.Debug|Any CPU.Build.0 = Debug|Any CPU
		{4C2306E3-01BB-4A6F-9630-73E36A2BA57A}.Release|Any CPU.ActiveCfg = Release|Any CPU
		{4C2306E3-01BB-4A6F-9630-73E36A2BA57A}.Release|Any CPU.Build.0 = Release|Any CPU
		{C5389961-2C98-4528-AFF3-99D287C62D4A}.Debug|Any CPU.ActiveCfg = Debug|Any CPU
		{C5389961-2C98-4528-AFF3-99D287C62D4A}.Debug|Any CPU.Build.0 = Debug|Any CPU
		{C5389961-2C98-4528-AFF3-99D287C62D4A}.Release|Any CPU.ActiveCfg = Release|Any CPU
		{C5389961-2C98-4528-AFF3-99D287C62D4A}.Release|Any CPU.Build.0 = Release|Any CPU
		{CEF63B7C-D944-4EAA-8FCA-45C8160F3711}.Debug|Any CPU.ActiveCfg = Debug|Any CPU
		{CEF63B7C-D944-4EAA-8FCA-45C8160F3711}.Debug|Any CPU.Build.0 = Debug|Any CPU
		{CEF63B7C-D944-4EAA-8FCA-45C8160F3711}.Release|Any CPU.ActiveCfg = Release|Any CPU
		{CEF63B7C-D944-4EAA-8FCA-45C8160F3711}.Release|Any CPU.Build.0 = Release|Any CPU
		{F532D63E-3438-452D-8180-4F493980754E}.Debug|Any CPU.ActiveCfg = Debug|Any CPU
		{F532D63E-3438-452D-8180-4F493980754E}.Debug|Any CPU.Build.0 = Debug|Any CPU
		{F532D63E-3438-452D-8180-4F493980754E}.Release|Any CPU.ActiveCfg = Release|Any CPU
		{F532D63E-3438-452D-8180-4F493980754E}.Release|Any CPU.Build.0 = Release|Any CPU
		{2CE388DE-0183-4C2C-A6A9-586302FCF929}.Debug|Any CPU.ActiveCfg = Debug|Any CPU
		{2CE388DE-0183-4C2C-A6A9-586302FCF929}.Debug|Any CPU.Build.0 = Debug|Any CPU
		{2CE388DE-0183-4C2C-A6A9-586302FCF929}.Release|Any CPU.ActiveCfg = Release|Any CPU
		{2CE388DE-0183-4C2C-A6A9-586302FCF929}.Release|Any CPU.Build.0 = Release|Any CPU
		{D1CF06D8-2581-4F53-B232-53152E49E80F}.Debug|Any CPU.ActiveCfg = Debug|Any CPU
		{D1CF06D8-2581-4F53-B232-53152E49E80F}.Debug|Any CPU.Build.0 = Debug|Any CPU
		{D1CF06D8-2581-4F53-B232-53152E49E80F}.Release|Any CPU.ActiveCfg = Release|Any CPU
		{D1CF06D8-2581-4F53-B232-53152E49E80F}.Release|Any CPU.Build.0 = Release|Any CPU
		{A4ED5B7A-C3CA-4E53-A5C3-61A5D81F5188}.Debug|Any CPU.ActiveCfg = Debug|Any CPU
		{A4ED5B7A-C3CA-4E53-A5C3-61A5D81F5188}.Debug|Any CPU.Build.0 = Debug|Any CPU
		{A4ED5B7A-C3CA-4E53-A5C3-61A5D81F5188}.Release|Any CPU.ActiveCfg = Release|Any CPU
		{A4ED5B7A-C3CA-4E53-A5C3-61A5D81F5188}.Release|Any CPU.Build.0 = Release|Any CPU
		{EFF9EC28-4D8D-424B-A244-56BB351D9EF0}.Debug|Any CPU.ActiveCfg = Debug|Any CPU
		{EFF9EC28-4D8D-424B-A244-56BB351D9EF0}.Debug|Any CPU.Build.0 = Debug|Any CPU
		{EFF9EC28-4D8D-424B-A244-56BB351D9EF0}.Release|Any CPU.ActiveCfg = Release|Any CPU
		{EFF9EC28-4D8D-424B-A244-56BB351D9EF0}.Release|Any CPU.Build.0 = Release|Any CPU
		{2415A5B0-6C43-4519-B2CA-A8B4A35394C2}.Debug|Any CPU.ActiveCfg = Debug|Any CPU
		{2415A5B0-6C43-4519-B2CA-A8B4A35394C2}.Debug|Any CPU.Build.0 = Debug|Any CPU
		{2415A5B0-6C43-4519-B2CA-A8B4A35394C2}.Release|Any CPU.ActiveCfg = Release|Any CPU
		{2415A5B0-6C43-4519-B2CA-A8B4A35394C2}.Release|Any CPU.Build.0 = Release|Any CPU
		{A01502AC-3DF4-40A9-971C-53F694378CB8}.Debug|Any CPU.ActiveCfg = Debug|Any CPU
		{A01502AC-3DF4-40A9-971C-53F694378CB8}.Debug|Any CPU.Build.0 = Debug|Any CPU
		{A01502AC-3DF4-40A9-971C-53F694378CB8}.Release|Any CPU.ActiveCfg = Release|Any CPU
		{A01502AC-3DF4-40A9-971C-53F694378CB8}.Release|Any CPU.Build.0 = Release|Any CPU
		{D2E19210-80D1-4F07-8E9D-5205F18B0B26}.Debug|Any CPU.ActiveCfg = Debug|Any CPU
		{D2E19210-80D1-4F07-8E9D-5205F18B0B26}.Debug|Any CPU.Build.0 = Debug|Any CPU
		{D2E19210-80D1-4F07-8E9D-5205F18B0B26}.Release|Any CPU.ActiveCfg = Release|Any CPU
		{D2E19210-80D1-4F07-8E9D-5205F18B0B26}.Release|Any CPU.Build.0 = Release|Any CPU
		{EA0EE733-BCA5-4AA1-BD9B-186D9D18228F}.Debug|Any CPU.ActiveCfg = Debug|Any CPU
		{EA0EE733-BCA5-4AA1-BD9B-186D9D18228F}.Debug|Any CPU.Build.0 = Debug|Any CPU
		{EA0EE733-BCA5-4AA1-BD9B-186D9D18228F}.Release|Any CPU.ActiveCfg = Release|Any CPU
		{EA0EE733-BCA5-4AA1-BD9B-186D9D18228F}.Release|Any CPU.Build.0 = Release|Any CPU
		{47D435BB-0619-4CDE-93A2-7ACE1FDF47FC}.Debug|Any CPU.ActiveCfg = Debug|Any CPU
		{47D435BB-0619-4CDE-93A2-7ACE1FDF47FC}.Debug|Any CPU.Build.0 = Debug|Any CPU
		{47D435BB-0619-4CDE-93A2-7ACE1FDF47FC}.Release|Any CPU.ActiveCfg = Release|Any CPU
		{47D435BB-0619-4CDE-93A2-7ACE1FDF47FC}.Release|Any CPU.Build.0 = Release|Any CPU
		{97D9BF95-9CB1-47FC-8F8E-E6FA05351133}.Debug|Any CPU.ActiveCfg = Debug|Any CPU
		{97D9BF95-9CB1-47FC-8F8E-E6FA05351133}.Debug|Any CPU.Build.0 = Debug|Any CPU
		{97D9BF95-9CB1-47FC-8F8E-E6FA05351133}.Release|Any CPU.ActiveCfg = Release|Any CPU
		{97D9BF95-9CB1-47FC-8F8E-E6FA05351133}.Release|Any CPU.Build.0 = Release|Any CPU
		{87EF004B-71CC-4747-8943-D1C7AB667550}.Debug|Any CPU.ActiveCfg = Debug|Any CPU
		{87EF004B-71CC-4747-8943-D1C7AB667550}.Debug|Any CPU.Build.0 = Debug|Any CPU
		{87EF004B-71CC-4747-8943-D1C7AB667550}.Release|Any CPU.ActiveCfg = Release|Any CPU
		{87EF004B-71CC-4747-8943-D1C7AB667550}.Release|Any CPU.Build.0 = Release|Any CPU
		{C660F6AF-C100-4169-A9FB-61E1EBE87F34}.Debug|Any CPU.ActiveCfg = Debug|Any CPU
		{C660F6AF-C100-4169-A9FB-61E1EBE87F34}.Debug|Any CPU.Build.0 = Debug|Any CPU
		{C660F6AF-C100-4169-A9FB-61E1EBE87F34}.Release|Any CPU.ActiveCfg = Release|Any CPU
		{C660F6AF-C100-4169-A9FB-61E1EBE87F34}.Release|Any CPU.Build.0 = Release|Any CPU
	EndGlobalSection
	GlobalSection(SolutionProperties) = preSolution
		HideSolutionNode = FALSE
	EndGlobalSection
	GlobalSection(NestedProjects) = preSolution
		{C5D22AE1-27EB-40C0-B483-D583EF036CD6} = {F376917D-6B01-4354-8C1A-5C1915DF3218}
		{4C2306E3-01BB-4A6F-9630-73E36A2BA57A} = {F376917D-6B01-4354-8C1A-5C1915DF3218}
		{C5389961-2C98-4528-AFF3-99D287C62D4A} = {F376917D-6B01-4354-8C1A-5C1915DF3218}
		{CEF63B7C-D944-4EAA-8FCA-45C8160F3711} = {F376917D-6B01-4354-8C1A-5C1915DF3218}
		{F532D63E-3438-452D-8180-4F493980754E} = {F376917D-6B01-4354-8C1A-5C1915DF3218}
		{2CE388DE-0183-4C2C-A6A9-586302FCF929} = {F376917D-6B01-4354-8C1A-5C1915DF3218}
		{D1CF06D8-2581-4F53-B232-53152E49E80F} = {F376917D-6B01-4354-8C1A-5C1915DF3218}
		{A4ED5B7A-C3CA-4E53-A5C3-61A5D81F5188} = {7784E3B6-CA36-4515-BC9D-7BEC5556D51E}
		{EFF9EC28-4D8D-424B-A244-56BB351D9EF0} = {7784E3B6-CA36-4515-BC9D-7BEC5556D51E}
		{2415A5B0-6C43-4519-B2CA-A8B4A35394C2} = {7784E3B6-CA36-4515-BC9D-7BEC5556D51E}
		{A01502AC-3DF4-40A9-971C-53F694378CB8} = {7784E3B6-CA36-4515-BC9D-7BEC5556D51E}
		{D2E19210-80D1-4F07-8E9D-5205F18B0B26} = {7784E3B6-CA36-4515-BC9D-7BEC5556D51E}
		{EA0EE733-BCA5-4AA1-BD9B-186D9D18228F} = {7784E3B6-CA36-4515-BC9D-7BEC5556D51E}
		{47D435BB-0619-4CDE-93A2-7ACE1FDF47FC} = {7784E3B6-CA36-4515-BC9D-7BEC5556D51E}
		{97D9BF95-9CB1-47FC-8F8E-E6FA05351133} = {7784E3B6-CA36-4515-BC9D-7BEC5556D51E}
		{87EF004B-71CC-4747-8943-D1C7AB667550} = {7784E3B6-CA36-4515-BC9D-7BEC5556D51E}
	EndGlobalSection
EndGlobal
