
Microsoft Visual Studio Solution File, Format Version 12.00
# Visual Studio 14
VisualStudioVersion = 14.0.25420.1
MinimumVisualStudioVersion = 10.0.40219.1
Project("{FAE04EC0-301F-11D3-BF4B-00C04F79EFBC}") = "ShaderForm", "ShaderForm\ShaderForm.csproj", "{38149468-A074-4408-8684-B06F7176B3F6}"
EndProject
Project("{FAE04EC0-301F-11D3-BF4B-00C04F79EFBC}") = "ControlClassLibrary", "ControlClassLibrary\ControlClassLibrary.csproj", "{1E28B48E-DED7-4184-A449-B1D8C8C489EA}"
EndProject
Project("{FAE04EC0-301F-11D3-BF4B-00C04F79EFBC}") = "DemoPlayer", "DemoPlayer\DemoPlayer.csproj", "{0CC80831-18A6-4921-BB1A-B0230F268A22}"
EndProject
Project("{FAE04EC0-301F-11D3-BF4B-00C04F79EFBC}") = "DemoRecorder", "DemoRecorder\DemoRecorder.csproj", "{013D4176-6166-426A-94FF-85DEA2084286}"
EndProject
Project("{FAE04EC0-301F-11D3-BF4B-00C04F79EFBC}") = "MediaPlayer", "MediaPlayer\MediaPlayer.csproj", "{78A88806-AD96-4821-B9AD-8FC060F6FEB6}"
EndProject
Project("{FAE04EC0-301F-11D3-BF4B-00C04F79EFBC}") = "Framework", "..\Framework\Framework.csproj", "{C660F6AF-C100-4169-A9FB-61E1EBE87F34}"
EndProject
Project("{2150E333-8FDC-42A3-9474-1A3956D46DE8}") = "Solution Items", "Solution Items", "{9830D0CF-F531-4DE0-B902-D48D354DBFC8}"
	ProjectSection(SolutionItems) = preProject
		readme.md = readme.md
	EndProjectSection
EndProject
Global
	GlobalSection(SolutionConfigurationPlatforms) = preSolution
		Debug|Any CPU = Debug|Any CPU
		Release|Any CPU = Release|Any CPU
	EndGlobalSection
	GlobalSection(ProjectConfigurationPlatforms) = postSolution
		{38149468-A074-4408-8684-B06F7176B3F6}.Debug|Any CPU.ActiveCfg = Debug|Any CPU
		{38149468-A074-4408-8684-B06F7176B3F6}.Debug|Any CPU.Build.0 = Debug|Any CPU
		{38149468-A074-4408-8684-B06F7176B3F6}.Release|Any CPU.ActiveCfg = Release|Any CPU
		{38149468-A074-4408-8684-B06F7176B3F6}.Release|Any CPU.Build.0 = Release|Any CPU
		{1E28B48E-DED7-4184-A449-B1D8C8C489EA}.Debug|Any CPU.ActiveCfg = Debug|Any CPU
		{1E28B48E-DED7-4184-A449-B1D8C8C489EA}.Debug|Any CPU.Build.0 = Debug|Any CPU
		{1E28B48E-DED7-4184-A449-B1D8C8C489EA}.Release|Any CPU.ActiveCfg = Release|Any CPU
		{1E28B48E-DED7-4184-A449-B1D8C8C489EA}.Release|Any CPU.Build.0 = Release|Any CPU
		{0CC80831-18A6-4921-BB1A-B0230F268A22}.Debug|Any CPU.ActiveCfg = Debug|Any CPU
		{0CC80831-18A6-4921-BB1A-B0230F268A22}.Debug|Any CPU.Build.0 = Debug|Any CPU
		{0CC80831-18A6-4921-BB1A-B0230F268A22}.Release|Any CPU.ActiveCfg = Release|Any CPU
		{0CC80831-18A6-4921-BB1A-B0230F268A22}.Release|Any CPU.Build.0 = Release|Any CPU
		{013D4176-6166-426A-94FF-85DEA2084286}.Debug|Any CPU.ActiveCfg = Debug|Any CPU
		{013D4176-6166-426A-94FF-85DEA2084286}.Debug|Any CPU.Build.0 = Debug|Any CPU
		{013D4176-6166-426A-94FF-85DEA2084286}.Release|Any CPU.ActiveCfg = Release|Any CPU
		{013D4176-6166-426A-94FF-85DEA2084286}.Release|Any CPU.Build.0 = Release|Any CPU
		{78A88806-AD96-4821-B9AD-8FC060F6FEB6}.Debug|Any CPU.ActiveCfg = Debug|Any CPU
		{78A88806-AD96-4821-B9AD-8FC060F6FEB6}.Debug|Any CPU.Build.0 = Debug|Any CPU
		{78A88806-AD96-4821-B9AD-8FC060F6FEB6}.Release|Any CPU.ActiveCfg = Release|Any CPU
		{78A88806-AD96-4821-B9AD-8FC060F6FEB6}.Release|Any CPU.Build.0 = Release|Any CPU
		{C660F6AF-C100-4169-A9FB-61E1EBE87F34}.Debug|Any CPU.ActiveCfg = Debug|Any CPU
		{C660F6AF-C100-4169-A9FB-61E1EBE87F34}.Debug|Any CPU.Build.0 = Debug|Any CPU
		{C660F6AF-C100-4169-A9FB-61E1EBE87F34}.Release|Any CPU.ActiveCfg = Release|Any CPU
		{C660F6AF-C100-4169-A9FB-61E1EBE87F34}.Release|Any CPU.Build.0 = Release|Any CPU
	EndGlobalSection
	GlobalSection(SolutionProperties) = preSolution
		HideSolutionNode = FALSE
	EndGlobalSection
EndGlobal
